
Microsoft Visual Studio Solution File, Format Version 12.00
# Visual Studio Version 16
VisualStudioVersion = 16.0.30002.166
MinimumVisualStudioVersion = 10.0.40219.1
Project("{8BC9CEB8-8B4A-11D0-8D11-00A0C91BC942}") = "ExerciseWithThreads", "ExerciseWithThreads\ExerciseWithThreads.vcxproj", "{E1C3A980-C7D4-4015-B79C-FC53EA2BE120}"
EndProject
Global
	GlobalSection(SolutionConfigurationPlatforms) = preSolution
		Debug|x64 = Debug|x64
		Debug|x86 = Debug|x86
		Release|x64 = Release|x64
		Release|x86 = Release|x86
	EndGlobalSection
	GlobalSection(ProjectConfigurationPlatforms) = postSolution
		{E1C3A980-C7D4-4015-B79C-FC53EA2BE120}.Debug|x64.ActiveCfg = Release|x64
		{E1C3A980-C7D4-4015-B79C-FC53EA2BE120}.Debug|x64.Build.0 = Release|x64
		{E1C3A980-C7D4-4015-B79C-FC53EA2BE120}.Debug|x86.ActiveCfg = Debug|Win32
		{E1C3A980-C7D4-4015-B79C-FC53EA2BE120}.Debug|x86.Build.0 = Debug|Win32
		{E1C3A980-C7D4-4015-B79C-FC53EA2BE120}.Release|x64.ActiveCfg = Release|x64
		{E1C3A980-C7D4-4015-B79C-FC53EA2BE120}.Release|x64.Build.0 = Release|x64
		{E1C3A980-C7D4-4015-B79C-FC53EA2BE120}.Release|x86.ActiveCfg = Release|Win32
		{E1C3A980-C7D4-4015-B79C-FC53EA2BE120}.Release|x86.Build.0 = Release|Win32
	EndGlobalSection
	GlobalSection(SolutionProperties) = preSolution
		HideSolutionNode = FALSE
	EndGlobalSection
	GlobalSection(ExtensibilityGlobals) = postSolution
		SolutionGuid = {DB727BA6-E88C-49D0-B763-CA2A0A892FE9}
	EndGlobalSection
EndGlobal
