
Microsoft Visual Studio Solution File, Format Version 12.00
# Visual Studio Version 16
VisualStudioVersion = 16.0.30611.23
MinimumVisualStudioVersion = 10.0.40219.1
Project("{FAE04EC0-301F-11D3-BF4B-00C04F79EFBC}") = "MultiAlphabeticSubstitutionHW", "MultiAlphabeticSubstitutionHW\MultiAlphabeticSubstitutionHW.csproj", "{96A244A6-1B88-49AE-B1C0-0BBA52CB58E7}"
EndProject
Global
	GlobalSection(SolutionConfigurationPlatforms) = preSolution
		Debug|Any CPU = Debug|Any CPU
		Release|Any CPU = Release|Any CPU
	EndGlobalSection
	GlobalSection(ProjectConfigurationPlatforms) = postSolution
		{96A244A6-1B88-49AE-B1C0-0BBA52CB58E7}.Debug|Any CPU.ActiveCfg = Debug|Any CPU
		{96A244A6-1B88-49AE-B1C0-0BBA52CB58E7}.Debug|Any CPU.Build.0 = Debug|Any CPU
		{96A244A6-1B88-49AE-B1C0-0BBA52CB58E7}.Release|Any CPU.ActiveCfg = Release|Any CPU
		{96A244A6-1B88-49AE-B1C0-0BBA52CB58E7}.Release|Any CPU.Build.0 = Release|Any CPU
	EndGlobalSection
	GlobalSection(SolutionProperties) = preSolution
		HideSolutionNode = FALSE
	EndGlobalSection
	GlobalSection(ExtensibilityGlobals) = postSolution
		SolutionGuid = {3D8A44CF-FAE0-4C98-9C07-C61D2982DD96}
	EndGlobalSection
EndGlobal
