
Microsoft Visual Studio Solution File, Format Version 12.00
# Visual Studio 15
VisualStudioVersion = 15.0.28307.572
MinimumVisualStudioVersion = 10.0.40219.1
Project("{FAE04EC0-301F-11D3-BF4B-00C04F79EFBC}") = "SecondExerciseOOP", "SecondExerciseOOP\SecondExerciseOOP.csproj", "{BAFB6B31-D516-47CF-AE9C-D513EACD424E}"
EndProject
Project("{FAE04EC0-301F-11D3-BF4B-00C04F79EFBC}") = "PeopleInList", "PeopleInList\PeopleInList.csproj", "{40F0F8F2-7DF1-4FA0-8295-87B8547F8C75}"
EndProject
Global
	GlobalSection(SolutionConfigurationPlatforms) = preSolution
		Debug|Any CPU = Debug|Any CPU
		Release|Any CPU = Release|Any CPU
	EndGlobalSection
	GlobalSection(ProjectConfigurationPlatforms) = postSolution
		{BAFB6B31-D516-47CF-AE9C-D513EACD424E}.Debug|Any CPU.ActiveCfg = Debug|Any CPU
		{BAFB6B31-D516-47CF-AE9C-D513EACD424E}.Debug|Any CPU.Build.0 = Debug|Any CPU
		{BAFB6B31-D516-47CF-AE9C-D513EACD424E}.Release|Any CPU.ActiveCfg = Release|Any CPU
		{BAFB6B31-D516-47CF-AE9C-D513EACD424E}.Release|Any CPU.Build.0 = Release|Any CPU
		{40F0F8F2-7DF1-4FA0-8295-87B8547F8C75}.Debug|Any CPU.ActiveCfg = Debug|Any CPU
		{40F0F8F2-7DF1-4FA0-8295-87B8547F8C75}.Debug|Any CPU.Build.0 = Debug|Any CPU
		{40F0F8F2-7DF1-4FA0-8295-87B8547F8C75}.Release|Any CPU.ActiveCfg = Release|Any CPU
		{40F0F8F2-7DF1-4FA0-8295-87B8547F8C75}.Release|Any CPU.Build.0 = Release|Any CPU
	EndGlobalSection
	GlobalSection(SolutionProperties) = preSolution
		HideSolutionNode = FALSE
	EndGlobalSection
	GlobalSection(ExtensibilityGlobals) = postSolution
		SolutionGuid = {A1D806C9-DA73-452D-BEC1-6C064D0D4BC8}
	EndGlobalSection
EndGlobal
