
Microsoft Visual Studio Solution File, Format Version 12.00
# Visual Studio Version 16
VisualStudioVersion = 16.0.29215.179
MinimumVisualStudioVersion = 10.0.40219.1
Project("{FAE04EC0-301F-11D3-BF4B-00C04F79EFBC}") = "TelephoneCatalogue", "TelephoneCatalogue\TelephoneCatalogue.csproj", "{A328AF1F-1381-437E-90C5-A1BABD687D9A}"
EndProject
Global
	GlobalSection(SolutionConfigurationPlatforms) = preSolution
		Debug|Any CPU = Debug|Any CPU
		Release|Any CPU = Release|Any CPU
	EndGlobalSection
	GlobalSection(ProjectConfigurationPlatforms) = postSolution
		{A328AF1F-1381-437E-90C5-A1BABD687D9A}.Debug|Any CPU.ActiveCfg = Debug|Any CPU
		{A328AF1F-1381-437E-90C5-A1BABD687D9A}.Debug|Any CPU.Build.0 = Debug|Any CPU
		{A328AF1F-1381-437E-90C5-A1BABD687D9A}.Release|Any CPU.ActiveCfg = Release|Any CPU
		{A328AF1F-1381-437E-90C5-A1BABD687D9A}.Release|Any CPU.Build.0 = Release|Any CPU
	EndGlobalSection
	GlobalSection(SolutionProperties) = preSolution
		HideSolutionNode = FALSE
	EndGlobalSection
	GlobalSection(ExtensibilityGlobals) = postSolution
		SolutionGuid = {4F6B04DE-BA38-4831-9149-5F26A31BCAB0}
	EndGlobalSection
EndGlobal
