
Microsoft Visual Studio Solution File, Format Version 12.00
# Visual Studio Version 16
VisualStudioVersion = 16.0.29424.173
MinimumVisualStudioVersion = 10.0.40219.1
Project("{9A19103F-16F7-4668-BE54-9A1E7A4F7556}") = "Variations", "Variations\Variations.csproj", "{073A0B06-6DBF-40E2-9974-19C790DBB44A}"
EndProject
Project("{FAE04EC0-301F-11D3-BF4B-00C04F79EFBC}") = "Combinations", "Combinations\Combinations.csproj", "{60F967DB-3BAE-4FD1-8891-051EACBDF7D7}"
EndProject
Global
	GlobalSection(SolutionConfigurationPlatforms) = preSolution
		Debug|Any CPU = Debug|Any CPU
		Release|Any CPU = Release|Any CPU
	EndGlobalSection
	GlobalSection(ProjectConfigurationPlatforms) = postSolution
		{073A0B06-6DBF-40E2-9974-19C790DBB44A}.Debug|Any CPU.ActiveCfg = Debug|Any CPU
		{073A0B06-6DBF-40E2-9974-19C790DBB44A}.Debug|Any CPU.Build.0 = Debug|Any CPU
		{073A0B06-6DBF-40E2-9974-19C790DBB44A}.Release|Any CPU.ActiveCfg = Release|Any CPU
		{073A0B06-6DBF-40E2-9974-19C790DBB44A}.Release|Any CPU.Build.0 = Release|Any CPU
		{60F967DB-3BAE-4FD1-8891-051EACBDF7D7}.Debug|Any CPU.ActiveCfg = Debug|Any CPU
		{60F967DB-3BAE-4FD1-8891-051EACBDF7D7}.Debug|Any CPU.Build.0 = Debug|Any CPU
		{60F967DB-3BAE-4FD1-8891-051EACBDF7D7}.Release|Any CPU.ActiveCfg = Release|Any CPU
		{60F967DB-3BAE-4FD1-8891-051EACBDF7D7}.Release|Any CPU.Build.0 = Release|Any CPU
	EndGlobalSection
	GlobalSection(SolutionProperties) = preSolution
		HideSolutionNode = FALSE
	EndGlobalSection
	GlobalSection(ExtensibilityGlobals) = postSolution
		SolutionGuid = {271D7521-A0B2-4F29-8373-4F6DE1389CCA}
	EndGlobalSection
EndGlobal
