
Microsoft Visual Studio Solution File, Format Version 12.00
# Visual Studio 15
VisualStudioVersion = 15.0.28307.438
MinimumVisualStudioVersion = 10.0.40219.1
Project("{9A19103F-16F7-4668-BE54-9A1E7A4F7556}") = "LogApp", "LogApp\LogApp.csproj", "{82A6E46D-3EA2-46C4-BE02-87927185AAD0}"
EndProject
Project("{FAE04EC0-301F-11D3-BF4B-00C04F79EFBC}") = "InterfaceExample", "InterfaceExample\InterfaceExample.csproj", "{9A624301-73A0-450B-BA37-9E24D5513DD9}"
EndProject
Project("{FAE04EC0-301F-11D3-BF4B-00C04F79EFBC}") = "ExplicitOrImplicit", "ExplicitOrImplicit\ExplicitOrImplicit.csproj", "{1CB98CFC-DF58-4EA3-8278-C62DFC572B57}"
EndProject
Global
	GlobalSection(SolutionConfigurationPlatforms) = preSolution
		Debug|Any CPU = Debug|Any CPU
		Release|Any CPU = Release|Any CPU
	EndGlobalSection
	GlobalSection(ProjectConfigurationPlatforms) = postSolution
		{82A6E46D-3EA2-46C4-BE02-87927185AAD0}.Debug|Any CPU.ActiveCfg = Debug|Any CPU
		{82A6E46D-3EA2-46C4-BE02-87927185AAD0}.Debug|Any CPU.Build.0 = Debug|Any CPU
		{82A6E46D-3EA2-46C4-BE02-87927185AAD0}.Release|Any CPU.ActiveCfg = Release|Any CPU
		{82A6E46D-3EA2-46C4-BE02-87927185AAD0}.Release|Any CPU.Build.0 = Release|Any CPU
		{9A624301-73A0-450B-BA37-9E24D5513DD9}.Debug|Any CPU.ActiveCfg = Debug|Any CPU
		{9A624301-73A0-450B-BA37-9E24D5513DD9}.Debug|Any CPU.Build.0 = Debug|Any CPU
		{9A624301-73A0-450B-BA37-9E24D5513DD9}.Release|Any CPU.ActiveCfg = Release|Any CPU
		{9A624301-73A0-450B-BA37-9E24D5513DD9}.Release|Any CPU.Build.0 = Release|Any CPU
		{1CB98CFC-DF58-4EA3-8278-C62DFC572B57}.Debug|Any CPU.ActiveCfg = Debug|Any CPU
		{1CB98CFC-DF58-4EA3-8278-C62DFC572B57}.Debug|Any CPU.Build.0 = Debug|Any CPU
		{1CB98CFC-DF58-4EA3-8278-C62DFC572B57}.Release|Any CPU.ActiveCfg = Release|Any CPU
		{1CB98CFC-DF58-4EA3-8278-C62DFC572B57}.Release|Any CPU.Build.0 = Release|Any CPU
	EndGlobalSection
	GlobalSection(SolutionProperties) = preSolution
		HideSolutionNode = FALSE
	EndGlobalSection
	GlobalSection(ExtensibilityGlobals) = postSolution
		SolutionGuid = {782209DA-CADD-4939-B5C6-005ADA9C0E1C}
	EndGlobalSection
EndGlobal
