
Microsoft Visual Studio Solution File, Format Version 12.00
# Visual Studio 15
VisualStudioVersion = 15.0.28307.421
MinimumVisualStudioVersion = 10.0.40219.1
Project("{9A19103F-16F7-4668-BE54-9A1E7A4F7556}") = "FirstExercise", "FirstExercise\FirstExercise.csproj", "{04C86B56-613C-4551-BA63-6BA23193B674}"
EndProject
Project("{FAE04EC0-301F-11D3-BF4B-00C04F79EFBC}") = "MyClassLibrary", "MyClassLibrary\MyClassLibrary.csproj", "{6102B827-DD10-4332-B439-7774212509EE}"
EndProject
Global
	GlobalSection(SolutionConfigurationPlatforms) = preSolution
		Debug|Any CPU = Debug|Any CPU
		Release|Any CPU = Release|Any CPU
	EndGlobalSection
	GlobalSection(ProjectConfigurationPlatforms) = postSolution
		{04C86B56-613C-4551-BA63-6BA23193B674}.Debug|Any CPU.ActiveCfg = Debug|Any CPU
		{04C86B56-613C-4551-BA63-6BA23193B674}.Debug|Any CPU.Build.0 = Debug|Any CPU
		{04C86B56-613C-4551-BA63-6BA23193B674}.Release|Any CPU.ActiveCfg = Release|Any CPU
		{04C86B56-613C-4551-BA63-6BA23193B674}.Release|Any CPU.Build.0 = Release|Any CPU
		{6102B827-DD10-4332-B439-7774212509EE}.Debug|Any CPU.ActiveCfg = Debug|Any CPU
		{6102B827-DD10-4332-B439-7774212509EE}.Debug|Any CPU.Build.0 = Debug|Any CPU
		{6102B827-DD10-4332-B439-7774212509EE}.Release|Any CPU.ActiveCfg = Release|Any CPU
		{6102B827-DD10-4332-B439-7774212509EE}.Release|Any CPU.Build.0 = Release|Any CPU
	EndGlobalSection
	GlobalSection(SolutionProperties) = preSolution
		HideSolutionNode = FALSE
	EndGlobalSection
	GlobalSection(ExtensibilityGlobals) = postSolution
		SolutionGuid = {E3B7D3A1-D6B0-4567-AF54-938B31FE549E}
	EndGlobalSection
EndGlobal
