
Microsoft Visual Studio Solution File, Format Version 12.00
# Visual Studio Version 16
VisualStudioVersion = 16.0.29926.136
MinimumVisualStudioVersion = 10.0.40219.1
Project("{FAE04EC0-301F-11D3-BF4B-00C04F79EFBC}") = "KnapsackProblem", "KnapsackProblem\KnapsackProblem.csproj", "{2FFF69C6-1700-4892-AC04-333B38B4D5C3}"
EndProject
Global
	GlobalSection(SolutionConfigurationPlatforms) = preSolution
		Debug|Any CPU = Debug|Any CPU
		Release|Any CPU = Release|Any CPU
	EndGlobalSection
	GlobalSection(ProjectConfigurationPlatforms) = postSolution
		{2FFF69C6-1700-4892-AC04-333B38B4D5C3}.Debug|Any CPU.ActiveCfg = Debug|Any CPU
		{2FFF69C6-1700-4892-AC04-333B38B4D5C3}.Debug|Any CPU.Build.0 = Debug|Any CPU
		{2FFF69C6-1700-4892-AC04-333B38B4D5C3}.Release|Any CPU.ActiveCfg = Release|Any CPU
		{2FFF69C6-1700-4892-AC04-333B38B4D5C3}.Release|Any CPU.Build.0 = Release|Any CPU
	EndGlobalSection
	GlobalSection(SolutionProperties) = preSolution
		HideSolutionNode = FALSE
	EndGlobalSection
	GlobalSection(ExtensibilityGlobals) = postSolution
		SolutionGuid = {5A94D49B-7B9C-4FBA-AB37-C25871B8AF15}
	EndGlobalSection
EndGlobal
